
Microsoft Visual Studio Solution File, Format Version 12.00
# Visual Studio Version 17
VisualStudioVersion = 17.8.34330.188
MinimumVisualStudioVersion = 10.0.40219.1
Project("{9A19103F-16F7-4668-BE54-9A1E7A4F7556}") = "TemplateCCNew8", "TemplateCCNew8\TemplateCCNew8.csproj", "{4DBA8DE2-47EE-493F-A2B0-8EBC8D73E8C4}"
EndProject
Project("{FAE04EC0-301F-11D3-BF4B-00C04F79EFBC}") = "Demo", "Demo\Demo.csproj", "{B7C3C846-25AC-4224-A160-C26166AF8AB5}"
EndProject
Global
	GlobalSection(SolutionConfigurationPlatforms) = preSolution
		Debug|Any CPU = Debug|Any CPU
		Release|Any CPU = Release|Any CPU
	EndGlobalSection
	GlobalSection(ProjectConfigurationPlatforms) = postSolution
		{4DBA8DE2-47EE-493F-A2B0-8EBC8D73E8C4}.Debug|Any CPU.ActiveCfg = Debug|Any CPU
		{4DBA8DE2-47EE-493F-A2B0-8EBC8D73E8C4}.Debug|Any CPU.Build.0 = Debug|Any CPU
		{4DBA8DE2-47EE-493F-A2B0-8EBC8D73E8C4}.Release|Any CPU.ActiveCfg = Release|Any CPU
		{4DBA8DE2-47EE-493F-A2B0-8EBC8D73E8C4}.Release|Any CPU.Build.0 = Release|Any CPU
		{B7C3C846-25AC-4224-A160-C26166AF8AB5}.Debug|Any CPU.ActiveCfg = Debug|Any CPU
		{B7C3C846-25AC-4224-A160-C26166AF8AB5}.Debug|Any CPU.Build.0 = Debug|Any CPU
		{B7C3C846-25AC-4224-A160-C26166AF8AB5}.Release|Any CPU.ActiveCfg = Release|Any CPU
		{B7C3C846-25AC-4224-A160-C26166AF8AB5}.Release|Any CPU.Build.0 = Release|Any CPU
	EndGlobalSection
	GlobalSection(SolutionProperties) = preSolution
		HideSolutionNode = FALSE
	EndGlobalSection
	GlobalSection(ExtensibilityGlobals) = postSolution
		SolutionGuid = {958282F2-A25C-4A58-BF7F-8E34CD259BEB}
	EndGlobalSection
EndGlobal
